
Microsoft Visual Studio Solution File, Format Version 12.00
# Visual Studio 15
VisualStudioVersion = 15.0.26730.8
MinimumVisualStudioVersion = 10.0.40219.1
Project("{2150E333-8FDC-42A3-9474-1A3956D46DE8}") = "Shared", "Shared", "{A6F37595-113F-4AD1-96B7-B0AEAF63FEE0}"
EndProject
Project("{2150E333-8FDC-42A3-9474-1A3956D46DE8}") = "Service", "Service", "{27CDFD0E-533A-4A14-8E7A-0A3D4320A7B4}"
EndProject
Project("{2150E333-8FDC-42A3-9474-1A3956D46DE8}") = "WebApp", "WebApp", "{8C960C8D-11CD-4C79-B690-433F7C9DAA99}"
EndProject
Project("{2150E333-8FDC-42A3-9474-1A3956D46DE8}") = "DAL", "DAL", "{20C483AD-2898-4C3A-A838-87A0AE09FC90}"
EndProject
Project("{FAE04EC0-301F-11D3-BF4B-00C04F79EFBC}") = "BeerFinder.DAL.Interfaces", "BeerFinder.DAL.Interfaces\BeerFinder.DAL.Interfaces.csproj", "{520322DC-73A5-4A2C-8DE0-E6DCC6B18560}"
EndProject
Project("{FAE04EC0-301F-11D3-BF4B-00C04F79EFBC}") = "BeerFinder.DAL", "BeerFinder.DAL\BeerFinder.DAL.csproj", "{4EFACBB3-38C3-4AB7-992F-481ABBF59DEF}"
EndProject
Project("{2150E333-8FDC-42A3-9474-1A3956D46DE8}") = "BLL", "BLL", "{98C40B65-8D03-4E24-B5D5-AC6F0622D5CC}"
EndProject
Project("{FAE04EC0-301F-11D3-BF4B-00C04F79EFBC}") = "BeerFinder.BLL", "BeerFinder.BLL\BeerFinder.BLL.csproj", "{40DA5C32-24C7-4F07-A98F-79F5B56B3897}"
EndProject
Project("{FAE04EC0-301F-11D3-BF4B-00C04F79EFBC}") = "BeerFinder.BLL.Interfaces", "BeerFinder.BLL.Interfaces\BeerFinder.BLL.Interfaces.csproj", "{60997666-4C2B-481E-984A-D198B0CE71E2}"
EndProject
Project("{FAE04EC0-301F-11D3-BF4B-00C04F79EFBC}") = "BeerFinder.Shared", "BeerFinder.Shared\BeerFinder.Shared.csproj", "{DBC11A17-2B68-4AE0-A2C7-1C4DDCE274D3}"
EndProject
Project("{FAE04EC0-301F-11D3-BF4B-00C04F79EFBC}") = "BeerFinder.Logger", "BeerFinder.Logger\BeerFinder.Logger.csproj", "{1146D55E-7E04-48CF-BB35-C477BD2515AA}"
EndProject
Project("{FAE04EC0-301F-11D3-BF4B-00C04F79EFBC}") = "BeerFinder.Service.App", "BeerFinder.Service.App\BeerFinder.Service.App.csproj", "{93930042-368F-4F9F-ACB0-184613688E62}"
EndProject
Project("{FAE04EC0-301F-11D3-BF4B-00C04F79EFBC}") = "BeerFinder.WebApp", "BeerFinder.WebApp\BeerFinder.WebApp.csproj", "{9C411913-E9EC-403D-84F9-7C49B7B4B994}"
EndProject
Project("{FAE04EC0-301F-11D3-BF4B-00C04F79EFBC}") = "BeerFinder.DAL.Tests", "BeerFinder.DAL.Tests\BeerFinder.DAL.Tests.csproj", "{C402CA97-C18F-490A-9FAB-A80D2A05D378}"
EndProject
Global
	GlobalSection(SolutionConfigurationPlatforms) = preSolution
		Debug|Any CPU = Debug|Any CPU
		Release|Any CPU = Release|Any CPU
	EndGlobalSection
	GlobalSection(ProjectConfigurationPlatforms) = postSolution
		{520322DC-73A5-4A2C-8DE0-E6DCC6B18560}.Debug|Any CPU.ActiveCfg = Debug|Any CPU
		{520322DC-73A5-4A2C-8DE0-E6DCC6B18560}.Debug|Any CPU.Build.0 = Debug|Any CPU
		{520322DC-73A5-4A2C-8DE0-E6DCC6B18560}.Release|Any CPU.ActiveCfg = Release|Any CPU
		{520322DC-73A5-4A2C-8DE0-E6DCC6B18560}.Release|Any CPU.Build.0 = Release|Any CPU
		{4EFACBB3-38C3-4AB7-992F-481ABBF59DEF}.Debug|Any CPU.ActiveCfg = Debug|Any CPU
		{4EFACBB3-38C3-4AB7-992F-481ABBF59DEF}.Debug|Any CPU.Build.0 = Debug|Any CPU
		{4EFACBB3-38C3-4AB7-992F-481ABBF59DEF}.Release|Any CPU.ActiveCfg = Release|Any CPU
		{4EFACBB3-38C3-4AB7-992F-481ABBF59DEF}.Release|Any CPU.Build.0 = Release|Any CPU
		{40DA5C32-24C7-4F07-A98F-79F5B56B3897}.Debug|Any CPU.ActiveCfg = Debug|Any CPU
		{40DA5C32-24C7-4F07-A98F-79F5B56B3897}.Debug|Any CPU.Build.0 = Debug|Any CPU
		{40DA5C32-24C7-4F07-A98F-79F5B56B3897}.Release|Any CPU.ActiveCfg = Release|Any CPU
		{40DA5C32-24C7-4F07-A98F-79F5B56B3897}.Release|Any CPU.Build.0 = Release|Any CPU
		{60997666-4C2B-481E-984A-D198B0CE71E2}.Debug|Any CPU.ActiveCfg = Debug|Any CPU
		{60997666-4C2B-481E-984A-D198B0CE71E2}.Debug|Any CPU.Build.0 = Debug|Any CPU
		{60997666-4C2B-481E-984A-D198B0CE71E2}.Release|Any CPU.ActiveCfg = Release|Any CPU
		{60997666-4C2B-481E-984A-D198B0CE71E2}.Release|Any CPU.Build.0 = Release|Any CPU
		{DBC11A17-2B68-4AE0-A2C7-1C4DDCE274D3}.Debug|Any CPU.ActiveCfg = Debug|Any CPU
		{DBC11A17-2B68-4AE0-A2C7-1C4DDCE274D3}.Debug|Any CPU.Build.0 = Debug|Any CPU
		{DBC11A17-2B68-4AE0-A2C7-1C4DDCE274D3}.Release|Any CPU.ActiveCfg = Release|Any CPU
		{DBC11A17-2B68-4AE0-A2C7-1C4DDCE274D3}.Release|Any CPU.Build.0 = Release|Any CPU
		{1146D55E-7E04-48CF-BB35-C477BD2515AA}.Debug|Any CPU.ActiveCfg = Debug|Any CPU
		{1146D55E-7E04-48CF-BB35-C477BD2515AA}.Debug|Any CPU.Build.0 = Debug|Any CPU
		{1146D55E-7E04-48CF-BB35-C477BD2515AA}.Release|Any CPU.ActiveCfg = Release|Any CPU
		{1146D55E-7E04-48CF-BB35-C477BD2515AA}.Release|Any CPU.Build.0 = Release|Any CPU
		{93930042-368F-4F9F-ACB0-184613688E62}.Debug|Any CPU.ActiveCfg = Debug|Any CPU
		{93930042-368F-4F9F-ACB0-184613688E62}.Debug|Any CPU.Build.0 = Debug|Any CPU
		{93930042-368F-4F9F-ACB0-184613688E62}.Release|Any CPU.ActiveCfg = Release|Any CPU
		{93930042-368F-4F9F-ACB0-184613688E62}.Release|Any CPU.Build.0 = Release|Any CPU
		{9C411913-E9EC-403D-84F9-7C49B7B4B994}.Debug|Any CPU.ActiveCfg = Debug|Any CPU
		{9C411913-E9EC-403D-84F9-7C49B7B4B994}.Debug|Any CPU.Build.0 = Debug|Any CPU
		{9C411913-E9EC-403D-84F9-7C49B7B4B994}.Release|Any CPU.ActiveCfg = Release|Any CPU
		{9C411913-E9EC-403D-84F9-7C49B7B4B994}.Release|Any CPU.Build.0 = Release|Any CPU
		{C402CA97-C18F-490A-9FAB-A80D2A05D378}.Debug|Any CPU.ActiveCfg = Debug|Any CPU
		{C402CA97-C18F-490A-9FAB-A80D2A05D378}.Debug|Any CPU.Build.0 = Debug|Any CPU
		{C402CA97-C18F-490A-9FAB-A80D2A05D378}.Release|Any CPU.ActiveCfg = Release|Any CPU
		{C402CA97-C18F-490A-9FAB-A80D2A05D378}.Release|Any CPU.Build.0 = Release|Any CPU
	EndGlobalSection
	GlobalSection(SolutionProperties) = preSolution
		HideSolutionNode = FALSE
	EndGlobalSection
	GlobalSection(NestedProjects) = preSolution
		{520322DC-73A5-4A2C-8DE0-E6DCC6B18560} = {20C483AD-2898-4C3A-A838-87A0AE09FC90}
		{4EFACBB3-38C3-4AB7-992F-481ABBF59DEF} = {20C483AD-2898-4C3A-A838-87A0AE09FC90}
		{40DA5C32-24C7-4F07-A98F-79F5B56B3897} = {98C40B65-8D03-4E24-B5D5-AC6F0622D5CC}
		{60997666-4C2B-481E-984A-D198B0CE71E2} = {98C40B65-8D03-4E24-B5D5-AC6F0622D5CC}
		{DBC11A17-2B68-4AE0-A2C7-1C4DDCE274D3} = {A6F37595-113F-4AD1-96B7-B0AEAF63FEE0}
		{1146D55E-7E04-48CF-BB35-C477BD2515AA} = {A6F37595-113F-4AD1-96B7-B0AEAF63FEE0}
		{93930042-368F-4F9F-ACB0-184613688E62} = {27CDFD0E-533A-4A14-8E7A-0A3D4320A7B4}
		{9C411913-E9EC-403D-84F9-7C49B7B4B994} = {8C960C8D-11CD-4C79-B690-433F7C9DAA99}
		{C402CA97-C18F-490A-9FAB-A80D2A05D378} = {20C483AD-2898-4C3A-A838-87A0AE09FC90}
	EndGlobalSection
	GlobalSection(ExtensibilityGlobals) = postSolution
		SolutionGuid = {3B5ABDAE-577E-44C2-B6AC-D40002CF79C0}
	EndGlobalSection
EndGlobal
